{
  "name": "chat-log-review",
  "version": "1.0.0",
  "lockfileVersion": 3,
  "requires": true,
  "packages": {
    "": {
      "name": "chat-log-review",
      "version": "1.0.0",
      "license": "MIT",
      "bin": {
        "chat-log-review": "bin/chat-log-review.js"
      },
      "engines": {
        "node": ">=22"
      }
    }
  }
}
